
Microsoft Visual Studio Solution File, Format Version 12.00
# Visual Studio Version 17
VisualStudioVersion = 17.10.35027.167
MinimumVisualStudioVersion = 10.0.40219.1
Project("{9A19103F-16F7-4668-BE54-9A1E7A4F7556}") = "cldv_poe", "cldv_poe\cldv_poe.csproj", "{120AE121-9F81-4803-85D4-E0457ADBA0EC}"
EndProject
Project("{FAE04EC0-301F-11D3-BF4B-00C04F79EFBC}") = "FunctionApp", "FunctionApp\FunctionApp.csproj", "{EE117ED5-28A5-45B2-8A4D-6D9A5A38F9B9}"
EndProject
Global
	GlobalSection(SolutionConfigurationPlatforms) = preSolution
		Debug|Any CPU = Debug|Any CPU
		Release|Any CPU = Release|Any CPU
	EndGlobalSection
	GlobalSection(ProjectConfigurationPlatforms) = postSolution
		{120AE121-9F81-4803-85D4-E0457ADBA0EC}.Debug|Any CPU.ActiveCfg = Debug|Any CPU
		{120AE121-9F81-4803-85D4-E0457ADBA0EC}.Debug|Any CPU.Build.0 = Debug|Any CPU
		{120AE121-9F81-4803-85D4-E0457ADBA0EC}.Release|Any CPU.ActiveCfg = Release|Any CPU
		{120AE121-9F81-4803-85D4-E0457ADBA0EC}.Release|Any CPU.Build.0 = Release|Any CPU
		{EE117ED5-28A5-45B2-8A4D-6D9A5A38F9B9}.Debug|Any CPU.ActiveCfg = Debug|Any CPU
		{EE117ED5-28A5-45B2-8A4D-6D9A5A38F9B9}.Debug|Any CPU.Build.0 = Debug|Any CPU
		{EE117ED5-28A5-45B2-8A4D-6D9A5A38F9B9}.Release|Any CPU.ActiveCfg = Release|Any CPU
		{EE117ED5-28A5-45B2-8A4D-6D9A5A38F9B9}.Release|Any CPU.Build.0 = Release|Any CPU
	EndGlobalSection
	GlobalSection(SolutionProperties) = preSolution
		HideSolutionNode = FALSE
	EndGlobalSection
	GlobalSection(ExtensibilityGlobals) = postSolution
		SolutionGuid = {BB461974-38C7-4978-A127-B6B75E27CB85}
	EndGlobalSection
EndGlobal
